
Microsoft Visual Studio Solution File, Format Version 12.00
# Visual Studio 14
VisualStudioVersion = 14.0.25420.1
MinimumVisualStudioVersion = 10.0.40219.1
Project("{FAE04EC0-301F-11D3-BF4B-00C04F79EFBC}") = "DapperExp", "DapperExp.csproj", "{BB613BE9-D1E9-422C-B319-86B6A3D71FB4}"
EndProject
Project("{FAE04EC0-301F-11D3-BF4B-00C04F79EFBC}") = "DapperDemoAPI", "DapperDemoAPI\DapperDemoAPI.csproj", "{5B1BDA03-BCE6-4B55-B516-0B0D9DDBCD98}"
EndProject
Global
	GlobalSection(SolutionConfigurationPlatforms) = preSolution
		Debug|Any CPU = Debug|Any CPU
		Release|Any CPU = Release|Any CPU
	EndGlobalSection
	GlobalSection(ProjectConfigurationPlatforms) = postSolution
		{BB613BE9-D1E9-422C-B319-86B6A3D71FB4}.Debug|Any CPU.ActiveCfg = Debug|Any CPU
		{BB613BE9-D1E9-422C-B319-86B6A3D71FB4}.Debug|Any CPU.Build.0 = Debug|Any CPU
		{BB613BE9-D1E9-422C-B319-86B6A3D71FB4}.Release|Any CPU.ActiveCfg = Release|Any CPU
		{BB613BE9-D1E9-422C-B319-86B6A3D71FB4}.Release|Any CPU.Build.0 = Release|Any CPU
		{5B1BDA03-BCE6-4B55-B516-0B0D9DDBCD98}.Debug|Any CPU.ActiveCfg = Debug|Any CPU
		{5B1BDA03-BCE6-4B55-B516-0B0D9DDBCD98}.Debug|Any CPU.Build.0 = Debug|Any CPU
		{5B1BDA03-BCE6-4B55-B516-0B0D9DDBCD98}.Release|Any CPU.ActiveCfg = Release|Any CPU
		{5B1BDA03-BCE6-4B55-B516-0B0D9DDBCD98}.Release|Any CPU.Build.0 = Release|Any CPU
	EndGlobalSection
	GlobalSection(SolutionProperties) = preSolution
		HideSolutionNode = FALSE
	EndGlobalSection
EndGlobal
